
Microsoft Visual Studio Solution File, Format Version 12.00
# Visual Studio Version 16
VisualStudioVersion = 25.0.1703.7
MinimumVisualStudioVersion = 10.0.40219.1
Project("{FAE04EC0-301F-11D3-BF4B-00C04F79EFBC}") = "CalculatorUnitTests", "CalculatorUnitTests\CalculatorUnitTests.csproj", "{9EB0AE54-0262-41A4-A744-8BFF16BDFEAA}"
EndProject
Global
	GlobalSection(SolutionConfigurationPlatforms) = preSolution
		Debug|Any CPU = Debug|Any CPU
		Release|Any CPU = Release|Any CPU
	EndGlobalSection
	GlobalSection(ProjectConfigurationPlatforms) = postSolution
		{9EB0AE54-0262-41A4-A744-8BFF16BDFEAA}.Debug|Any CPU.ActiveCfg = Debug|Any CPU
		{9EB0AE54-0262-41A4-A744-8BFF16BDFEAA}.Debug|Any CPU.Build.0 = Debug|Any CPU
		{9EB0AE54-0262-41A4-A744-8BFF16BDFEAA}.Release|Any CPU.ActiveCfg = Release|Any CPU
		{9EB0AE54-0262-41A4-A744-8BFF16BDFEAA}.Release|Any CPU.Build.0 = Release|Any CPU
	EndGlobalSection
	GlobalSection(SolutionProperties) = preSolution
		HideSolutionNode = FALSE
	EndGlobalSection
	GlobalSection(ExtensibilityGlobals) = postSolution
		SolutionGuid = {C343D0BE-B1DE-4B3C-A344-4AF5794155C7}
	EndGlobalSection
EndGlobal
