
Microsoft Visual Studio Solution File, Format Version 12.00
# Visual Studio Version 16
VisualStudioVersion = 25.0.1703.7
MinimumVisualStudioVersion = 10.0.40219.1
Project("{FAE04EC0-301F-11D3-BF4B-00C04F79EFBC}") = "jeuDuSerpent", "jeuDuSerpent\jeuDuSerpent.csproj", "{CC9F5171-8182-4EFC-BCC8-C9A6988BEE3C}"
EndProject
Global
	GlobalSection(SolutionConfigurationPlatforms) = preSolution
		Debug|Any CPU = Debug|Any CPU
		Release|Any CPU = Release|Any CPU
	EndGlobalSection
	GlobalSection(ProjectConfigurationPlatforms) = postSolution
		{CC9F5171-8182-4EFC-BCC8-C9A6988BEE3C}.Debug|Any CPU.ActiveCfg = Debug|Any CPU
		{CC9F5171-8182-4EFC-BCC8-C9A6988BEE3C}.Debug|Any CPU.Build.0 = Debug|Any CPU
		{CC9F5171-8182-4EFC-BCC8-C9A6988BEE3C}.Release|Any CPU.ActiveCfg = Release|Any CPU
		{CC9F5171-8182-4EFC-BCC8-C9A6988BEE3C}.Release|Any CPU.Build.0 = Release|Any CPU
	EndGlobalSection
	GlobalSection(SolutionProperties) = preSolution
		HideSolutionNode = FALSE
	EndGlobalSection
	GlobalSection(ExtensibilityGlobals) = postSolution
		SolutionGuid = {FC424AFB-3B3E-4713-B25C-BA425BD068E0}
	EndGlobalSection
EndGlobal
